
Microsoft Visual Studio Solution File, Format Version 12.00
# Visual Studio Version 16
VisualStudioVersion = 16.0.31424.327
MinimumVisualStudioVersion = 10.0.40219.1
Project("{FAE04EC0-301F-11D3-BF4B-00C04F79EFBC}") = "classe-tutorial", "classe-tutorial.csproj", "{75DB2B58-4572-4540-B071-9A8473BB2D19}"
EndProject
Global
	GlobalSection(SolutionConfigurationPlatforms) = preSolution
		Debug|Any CPU = Debug|Any CPU
		Release|Any CPU = Release|Any CPU
	EndGlobalSection
	GlobalSection(ProjectConfigurationPlatforms) = postSolution
		{75DB2B58-4572-4540-B071-9A8473BB2D19}.Debug|Any CPU.ActiveCfg = Debug|Any CPU
		{75DB2B58-4572-4540-B071-9A8473BB2D19}.Debug|Any CPU.Build.0 = Debug|Any CPU
		{75DB2B58-4572-4540-B071-9A8473BB2D19}.Release|Any CPU.ActiveCfg = Release|Any CPU
		{75DB2B58-4572-4540-B071-9A8473BB2D19}.Release|Any CPU.Build.0 = Release|Any CPU
	EndGlobalSection
	GlobalSection(SolutionProperties) = preSolution
		HideSolutionNode = FALSE
	EndGlobalSection
	GlobalSection(ExtensibilityGlobals) = postSolution
		SolutionGuid = {3F3BAEE1-5EF1-49FA-BCF6-14974F4FD11F}
	EndGlobalSection
EndGlobal
